
Microsoft Visual Studio Solution File, Format Version 12.00
# Visual Studio 14
VisualStudioVersion = 14.0.25420.1
MinimumVisualStudioVersion = 10.0.40219.1
Project("{FAE04EC0-301F-11D3-BF4B-00C04F79EFBC}") = "Square of Stars", "Square of Stars\Square of Stars.csproj", "{725D4760-3F37-4D82-A747-659133FF8D8D}"
EndProject
Project("{FAE04EC0-301F-11D3-BF4B-00C04F79EFBC}") = "Rectangle Area", "Rectangle Area\Rectangle Area.csproj", "{8DDD6F5F-E741-4B26-B986-58B6E5530D2C}"
EndProject
Project("{FAE04EC0-301F-11D3-BF4B-00C04F79EFBC}") = "Triangle of 55 Stars", "Triangle of 55 Stars\Triangle of 55 Stars.csproj", "{1FF983F0-EA5F-424A-B7F8-A779A8D8BA26}"
EndProject
Project("{FAE04EC0-301F-11D3-BF4B-00C04F79EFBC}") = "Nums 1...20", "Nums 1...20\Nums 1...20.csproj", "{41957E78-8D86-4692-899E-A78950A9BA43}"
EndProject
Project("{FAE04EC0-301F-11D3-BF4B-00C04F79EFBC}") = "Expression", "Expression\Expression.csproj", "{BC3A8152-C2F8-4B0A-BD65-E8FB64A8C200}"
EndProject
Project("{FAE04EC0-301F-11D3-BF4B-00C04F79EFBC}") = "Hello CSharp", "Hello CSharp\Hello CSharp.csproj", "{9A570A72-8EE4-4E82-ACD9-F5A4682EDC11}"
EndProject
Global
	GlobalSection(SolutionConfigurationPlatforms) = preSolution
		Debug|Any CPU = Debug|Any CPU
		Release|Any CPU = Release|Any CPU
	EndGlobalSection
	GlobalSection(ProjectConfigurationPlatforms) = postSolution
		{725D4760-3F37-4D82-A747-659133FF8D8D}.Debug|Any CPU.ActiveCfg = Debug|Any CPU
		{725D4760-3F37-4D82-A747-659133FF8D8D}.Debug|Any CPU.Build.0 = Debug|Any CPU
		{725D4760-3F37-4D82-A747-659133FF8D8D}.Release|Any CPU.ActiveCfg = Release|Any CPU
		{725D4760-3F37-4D82-A747-659133FF8D8D}.Release|Any CPU.Build.0 = Release|Any CPU
		{8DDD6F5F-E741-4B26-B986-58B6E5530D2C}.Debug|Any CPU.ActiveCfg = Debug|Any CPU
		{8DDD6F5F-E741-4B26-B986-58B6E5530D2C}.Debug|Any CPU.Build.0 = Debug|Any CPU
		{8DDD6F5F-E741-4B26-B986-58B6E5530D2C}.Release|Any CPU.ActiveCfg = Release|Any CPU
		{8DDD6F5F-E741-4B26-B986-58B6E5530D2C}.Release|Any CPU.Build.0 = Release|Any CPU
		{1FF983F0-EA5F-424A-B7F8-A779A8D8BA26}.Debug|Any CPU.ActiveCfg = Debug|Any CPU
		{1FF983F0-EA5F-424A-B7F8-A779A8D8BA26}.Debug|Any CPU.Build.0 = Debug|Any CPU
		{1FF983F0-EA5F-424A-B7F8-A779A8D8BA26}.Release|Any CPU.ActiveCfg = Release|Any CPU
		{1FF983F0-EA5F-424A-B7F8-A779A8D8BA26}.Release|Any CPU.Build.0 = Release|Any CPU
		{41957E78-8D86-4692-899E-A78950A9BA43}.Debug|Any CPU.ActiveCfg = Debug|Any CPU
		{41957E78-8D86-4692-899E-A78950A9BA43}.Debug|Any CPU.Build.0 = Debug|Any CPU
		{41957E78-8D86-4692-899E-A78950A9BA43}.Release|Any CPU.ActiveCfg = Release|Any CPU
		{41957E78-8D86-4692-899E-A78950A9BA43}.Release|Any CPU.Build.0 = Release|Any CPU
		{BC3A8152-C2F8-4B0A-BD65-E8FB64A8C200}.Debug|Any CPU.ActiveCfg = Debug|Any CPU
		{BC3A8152-C2F8-4B0A-BD65-E8FB64A8C200}.Debug|Any CPU.Build.0 = Debug|Any CPU
		{BC3A8152-C2F8-4B0A-BD65-E8FB64A8C200}.Release|Any CPU.ActiveCfg = Release|Any CPU
		{BC3A8152-C2F8-4B0A-BD65-E8FB64A8C200}.Release|Any CPU.Build.0 = Release|Any CPU
		{9A570A72-8EE4-4E82-ACD9-F5A4682EDC11}.Debug|Any CPU.ActiveCfg = Debug|Any CPU
		{9A570A72-8EE4-4E82-ACD9-F5A4682EDC11}.Debug|Any CPU.Build.0 = Debug|Any CPU
		{9A570A72-8EE4-4E82-ACD9-F5A4682EDC11}.Release|Any CPU.ActiveCfg = Release|Any CPU
		{9A570A72-8EE4-4E82-ACD9-F5A4682EDC11}.Release|Any CPU.Build.0 = Release|Any CPU
	EndGlobalSection
	GlobalSection(SolutionProperties) = preSolution
		HideSolutionNode = FALSE
	EndGlobalSection
EndGlobal
